
Microsoft Visual Studio Solution File, Format Version 12.00
# Visual Studio 14
VisualStudioVersion = 14.0.25420.1
MinimumVisualStudioVersion = 10.0.40219.1
Project("{FAE04EC0-301F-11D3-BF4B-00C04F79EFBC}") = "NineDigit.SignalR.WebSocketSharpTransport.Demo", "NineDigit.SignalR.WebSocketSharpTransport.Demo\NineDigit.SignalR.WebSocketSharpTransport.Demo.csproj", "{767F818C-2F12-4231-85CC-C583BC9797AF}"
EndProject
Project("{FAE04EC0-301F-11D3-BF4B-00C04F79EFBC}") = "NineDigit.SignalR.WebSocketSharpTransport", "NineDigit.SignalR.WebSocketSharpTransport\NineDigit.SignalR.WebSocketSharpTransport.csproj", "{0697CBAE-5C37-43FB-8A75-616581B57577}"
EndProject
Global
	GlobalSection(SolutionConfigurationPlatforms) = preSolution
		Debug|Any CPU = Debug|Any CPU
		Release|Any CPU = Release|Any CPU
	EndGlobalSection
	GlobalSection(ProjectConfigurationPlatforms) = postSolution
		{767F818C-2F12-4231-85CC-C583BC9797AF}.Debug|Any CPU.ActiveCfg = Debug|Any CPU
		{767F818C-2F12-4231-85CC-C583BC9797AF}.Debug|Any CPU.Build.0 = Debug|Any CPU
		{767F818C-2F12-4231-85CC-C583BC9797AF}.Release|Any CPU.ActiveCfg = Release|Any CPU
		{767F818C-2F12-4231-85CC-C583BC9797AF}.Release|Any CPU.Build.0 = Release|Any CPU
		{0697CBAE-5C37-43FB-8A75-616581B57577}.Debug|Any CPU.ActiveCfg = Debug|Any CPU
		{0697CBAE-5C37-43FB-8A75-616581B57577}.Debug|Any CPU.Build.0 = Debug|Any CPU
		{0697CBAE-5C37-43FB-8A75-616581B57577}.Release|Any CPU.ActiveCfg = Release|Any CPU
		{0697CBAE-5C37-43FB-8A75-616581B57577}.Release|Any CPU.Build.0 = Release|Any CPU
	EndGlobalSection
	GlobalSection(SolutionProperties) = preSolution
		HideSolutionNode = FALSE
	EndGlobalSection
EndGlobal
